{
  "name": "aw-tauri",
  "version": "0.1.0",
  "lockfileVersion": 3,
  "requires": true,
  "packages": {
    "": {
      "name": "aw-tauri",
      "version": "0.1.0",
      "devDependencies": {
        "@tauri-apps/cli": "2.8.2"
      }
    },
    "node_modules/@tauri-apps/cli": {
      "version": "2.8.2",
      "resolved": "https://registry.npmjs.org/@tauri-apps/cli/-/cli-2.8.2.tgz",
      "integrity": "sha512-aVGBjYufTIsG10LJPbzqkWpVPJrBz03rhXhY434htJ1eHEJ67gPjJO3yUPaiLhaIUjbUeyQusgeGTWT1obV0IA==",
      "dev": true,
      "license": "Apache-2.0 OR MIT",
      "bin": {
        "tauri": "tauri.js"
      },
      "engines": {
        "node": ">= 10"
      },
      "funding": {
        "type": "opencollective",
        "url": "https://opencollective.com/tauri"
      },
      "optionalDependencies": {
        "@tauri-apps/cli-darwin-arm64": "2.8.2",
        "@tauri-apps/cli-darwin-x64": "2.8.2",
        "@tauri-apps/cli-linux-arm-gnueabihf": "2.8.2",
        "@tauri-apps/cli-linux-arm64-gnu": "2.8.2",
        "@tauri-apps/cli-linux-arm64-musl": "2.8.2",
        "@tauri-apps/cli-linux-riscv64-gnu": "2.8.2",
        "@tauri-apps/cli-linux-x64-gnu": "2.8.2",
        "@tauri-apps/cli-linux-x64-musl": "2.8.2",
        "@tauri-apps/cli-win32-arm64-msvc": "2.8.2",
        "@tauri-apps/cli-win32-ia32-msvc": "2.8.2",
        "@tauri-apps/cli-win32-x64-msvc": "2.8.2"
      }
    },
    "node_modules/@tauri-apps/cli-darwin-arm64": {
      "version": "2.8.2",
      "resolved": "https://registry.npmjs.org/@tauri-apps/cli-darwin-arm64/-/cli-darwin-arm64-2.8.2.tgz",
      "integrity": "sha512-tVYb17WKtbNZF4fI3NgIsZ/+7H9YWQpkNPDPpwdba1CxEik/fqg7mTm7rJLuOtDk0ukFoN53JbZaVx+wCJmTOA==",
      "cpu": [
        "arm64"
      ],
      "dev": true,
      "license": "Apache-2.0 OR MIT",
      "optional": true,
      "os": [
        "darwin"
      ],
      "engines": {
        "node": ">= 10"
      }
    },
    "node_modules/@tauri-apps/cli-darwin-x64": {
      "version": "2.8.2",
      "resolved": "https://registry.npmjs.org/@tauri-apps/cli-darwin-x64/-/cli-darwin-x64-2.8.2.tgz",
      "integrity": "sha512-oNsduNfxe5lYDa7bn1lmlWrnKYWEw04k8jWSZiYtt/5pyZcGUu6GjwEN6Gsoo+glR6Xl7FTb88G1VId1YOacTg==",
      "cpu": [
        "x64"
      ],
      "dev": true,
      "license": "Apache-2.0 OR MIT",
      "optional": true,
      "os": [
        "darwin"
      ],
      "engines": {
        "node": ">= 10"
      }
    },
    "node_modules/@tauri-apps/cli-linux-arm-gnueabihf": {
      "version": "2.8.2",
      "resolved": "https://registry.npmjs.org/@tauri-apps/cli-linux-arm-gnueabihf/-/cli-linux-arm-gnueabihf-2.8.2.tgz",
      "integrity": "sha512-zmvkxHbK49MY39uh/AVUG/WiA/pDrBiRjHFURzFPdsircQCOQFzr0aMG3Gam7ePJlm4T7Vc7Gd8vhENfgPblnQ==",
      "cpu": [
        "arm"
      ],
      "dev": true,
      "license": "Apache-2.0 OR MIT",
      "optional": true,
      "os": [
        "linux"
      ],
      "engines": {
        "node": ">= 10"
      }
    },
    "node_modules/@tauri-apps/cli-linux-arm64-gnu": {
      "version": "2.8.2",
      "resolved": "https://registry.npmjs.org/@tauri-apps/cli-linux-arm64-gnu/-/cli-linux-arm64-gnu-2.8.2.tgz",
      "integrity": "sha512-gdYmMwEUC2Rx2xC8+9diwSSWQJ5Zklju4XC248PzOt5BJz4r0TbnOC5NUmuow2+uuP9Ul2lozCW4/lu/Y6Lseg==",
      "cpu": [
        "arm64"
      ],
      "dev": true,
      "license": "Apache-2.0 OR MIT",
      "optional": true,
      "os": [
        "linux"
      ],
      "engines": {
        "node": ">= 10"
      }
    },
    "node_modules/@tauri-apps/cli-linux-arm64-musl": {
      "version": "2.8.2",
      "resolved": "https://registry.npmjs.org/@tauri-apps/cli-linux-arm64-musl/-/cli-linux-arm64-musl-2.8.2.tgz",
      "integrity": "sha512-AgiGwBhR9FUnTd7JT8ru2JSNBR7PST9CdZgBZfBUynuff2/vHSBI2LblEijKBmyiC68nTJhVIa4SFTtFY16TJg==",
      "cpu": [
        "arm64"
      ],
      "dev": true,
      "license": "Apache-2.0 OR MIT",
      "optional": true,
      "os": [
        "linux"
      ],
      "engines": {
        "node": ">= 10"
      }
    },
    "node_modules/@tauri-apps/cli-linux-riscv64-gnu": {
      "version": "2.8.2",
      "resolved": "https://registry.npmjs.org/@tauri-apps/cli-linux-riscv64-gnu/-/cli-linux-riscv64-gnu-2.8.2.tgz",
      "integrity": "sha512-YZ9x1mKad1s4IsjVCPRZHNoxsG+/k8bIpx6SIoQDYtWnj75P0NBStUG3D72xUjZVGsj/EqOhFJ30hW2dwSteWQ==",
      "cpu": [
        "riscv64"
      ],
      "dev": true,
      "license": "Apache-2.0 OR MIT",
      "optional": true,
      "os": [
        "linux"
      ],
      "engines": {
        "node": ">= 10"
      }
    },
    "node_modules/@tauri-apps/cli-linux-x64-gnu": {
      "version": "2.8.2",
      "resolved": "https://registry.npmjs.org/@tauri-apps/cli-linux-x64-gnu/-/cli-linux-x64-gnu-2.8.2.tgz",
      "integrity": "sha512-Of7CR7RXqwWJcKYaCuazDgWPuWHCaHAEvL1NMGX8Ck3vdfcjReSQo/QEnf5EYtJpNdItEmIrbbYWrHI9QsNEfQ==",
      "cpu": [
        "x64"
      ],
      "dev": true,
      "license": "Apache-2.0 OR MIT",
      "optional": true,
      "os": [
        "linux"
      ],
      "engines": {
        "node": ">= 10"
      }
    },
    "node_modules/@tauri-apps/cli-linux-x64-musl": {
      "version": "2.8.2",
      "resolved": "https://registry.npmjs.org/@tauri-apps/cli-linux-x64-musl/-/cli-linux-x64-musl-2.8.2.tgz",
      "integrity": "sha512-GBBKksPKwxpagE9SPoJtrnEMd5a5UVBEkaGsC1E0BbmiOjf2hL3rlvjEvNEzOGU1zX5XEiDvd5xbrCEdxL7r3g==",
      "cpu": [
        "x64"
      ],
      "dev": true,
      "license": "Apache-2.0 OR MIT",
      "optional": true,
      "os": [
        "linux"
      ],
      "engines": {
        "node": ">= 10"
      }
    },
    "node_modules/@tauri-apps/cli-win32-arm64-msvc": {
      "version": "2.8.2",
      "resolved": "https://registry.npmjs.org/@tauri-apps/cli-win32-arm64-msvc/-/cli-win32-arm64-msvc-2.8.2.tgz",
      "integrity": "sha512-1oXevTQErlyJCPwBU0JD1HNmCucSrb+ujBS5fNFAiRnmu1e9NOiJHKsg+iTvzB24oTdSYhRQLpbP0GbsWhD8hQ==",
      "cpu": [
        "arm64"
      ],
      "dev": true,
      "license": "Apache-2.0 OR MIT",
      "optional": true,
      "os": [
        "win32"
      ],
      "engines": {
        "node": ">= 10"
      }
    },
    "node_modules/@tauri-apps/cli-win32-ia32-msvc": {
      "version": "2.8.2",
      "resolved": "https://registry.npmjs.org/@tauri-apps/cli-win32-ia32-msvc/-/cli-win32-ia32-msvc-2.8.2.tgz",
      "integrity": "sha512-RynsG2+Kxs6JNG4i/5azFJ28OqXl7V82RUkBwTrHYXXA7bXIM/qN8wEekKmALM+aN8BJbWF38ZvJaXztvv/uKg==",
      "cpu": [
        "ia32"
      ],
      "dev": true,
      "license": "Apache-2.0 OR MIT",
      "optional": true,
      "os": [
        "win32"
      ],
      "engines": {
        "node": ">= 10"
      }
    },
    "node_modules/@tauri-apps/cli-win32-x64-msvc": {
      "version": "2.8.2",
      "resolved": "https://registry.npmjs.org/@tauri-apps/cli-win32-x64-msvc/-/cli-win32-x64-msvc-2.8.2.tgz",
      "integrity": "sha512-nVbBXQC0FIjkPmr1Fq+yqwZvVLBE2zID4Ilc9wt0JsOa6TrKaGPGFc17NZW2RA2RaLeErhlcnKFUL0tmnPIZgA==",
      "cpu": [
        "x64"
      ],
      "dev": true,
      "license": "Apache-2.0 OR MIT",
      "optional": true,
      "os": [
        "win32"
      ],
      "engines": {
        "node": ">= 10"
      }
    }
  }
}
