{
  "name": "aw-tauri",
  "version": "0.1.0",
  "lockfileVersion": 3,
  "requires": true,
  "packages": {
    "": {
      "name": "aw-tauri",
      "version": "0.1.0",
      "devDependencies": {
        "@tauri-apps/cli": "2.7.0"
      }
    },
    "node_modules/@tauri-apps/cli": {
      "version": "2.7.0",
      "resolved": "https://registry.npmjs.org/@tauri-apps/cli/-/cli-2.7.0.tgz",
      "integrity": "sha512-ozyxKm5YvivvLyrgHKyl6L+6y1/TkkeoA0cppPqxDv+ldbbtYiXx7dH8/G20tINh7dE+omSimN36i9M1ClGxtQ==",
      "dev": true,
      "license": "Apache-2.0 OR MIT",
      "bin": {
        "tauri": "tauri.js"
      },
      "engines": {
        "node": ">= 10"
      },
      "funding": {
        "type": "opencollective",
        "url": "https://opencollective.com/tauri"
      },
      "optionalDependencies": {
        "@tauri-apps/cli-darwin-arm64": "2.7.0",
        "@tauri-apps/cli-darwin-x64": "2.7.0",
        "@tauri-apps/cli-linux-arm-gnueabihf": "2.7.0",
        "@tauri-apps/cli-linux-arm64-gnu": "2.7.0",
        "@tauri-apps/cli-linux-arm64-musl": "2.7.0",
        "@tauri-apps/cli-linux-riscv64-gnu": "2.7.0",
        "@tauri-apps/cli-linux-x64-gnu": "2.7.0",
        "@tauri-apps/cli-linux-x64-musl": "2.7.0",
        "@tauri-apps/cli-win32-arm64-msvc": "2.7.0",
        "@tauri-apps/cli-win32-ia32-msvc": "2.7.0",
        "@tauri-apps/cli-win32-x64-msvc": "2.7.0"
      }
    },
    "node_modules/@tauri-apps/cli-darwin-arm64": {
      "version": "2.7.0",
      "resolved": "https://registry.npmjs.org/@tauri-apps/cli-darwin-arm64/-/cli-darwin-arm64-2.7.0.tgz",
      "integrity": "sha512-4sSrBlZuGb78UKkVQHdexzrYCamsiFQXFFuh9EI8vdq9PgTG8oXByQNIMx+p01HB594kLhaySrgozst6EFPoVQ==",
      "cpu": [
        "arm64"
      ],
      "dev": true,
      "license": "Apache-2.0 OR MIT",
      "optional": true,
      "os": [
        "darwin"
      ],
      "engines": {
        "node": ">= 10"
      }
    },
    "node_modules/@tauri-apps/cli-darwin-x64": {
      "version": "2.7.0",
      "resolved": "https://registry.npmjs.org/@tauri-apps/cli-darwin-x64/-/cli-darwin-x64-2.7.0.tgz",
      "integrity": "sha512-Uec0pKyw5/w4UmcRLyPt/+JG4dsIKj0TeKtF3PDz4EAGOevjSBaLIgu8aC62s3wKLCtDydTdIMMQ1ENHTJgfPA==",
      "cpu": [
        "x64"
      ],
      "dev": true,
      "license": "Apache-2.0 OR MIT",
      "optional": true,
      "os": [
        "darwin"
      ],
      "engines": {
        "node": ">= 10"
      }
    },
    "node_modules/@tauri-apps/cli-linux-arm-gnueabihf": {
      "version": "2.7.0",
      "resolved": "https://registry.npmjs.org/@tauri-apps/cli-linux-arm-gnueabihf/-/cli-linux-arm-gnueabihf-2.7.0.tgz",
      "integrity": "sha512-ZE7y/3MW9i1DccnHyktBDbryMWVFdnIfdqQoJ40iBzQGoBIQk4DonA5zROcqw0qGRTsXfTRnVjIXnh5eLkoCzQ==",
      "cpu": [
        "arm"
      ],
      "dev": true,
      "license": "Apache-2.0 OR MIT",
      "optional": true,
      "os": [
        "linux"
      ],
      "engines": {
        "node": ">= 10"
      }
    },
    "node_modules/@tauri-apps/cli-linux-arm64-gnu": {
      "version": "2.7.0",
      "resolved": "https://registry.npmjs.org/@tauri-apps/cli-linux-arm64-gnu/-/cli-linux-arm64-gnu-2.7.0.tgz",
      "integrity": "sha512-cWGl8OL+FjPWib+K8YK1S6o2Z34+f2LxnFRziTPdHwrdlVNO2xYkJmrT6X3PyHtccf/IByicxVvjkExLlpZ4+A==",
      "cpu": [
        "arm64"
      ],
      "dev": true,
      "license": "Apache-2.0 OR MIT",
      "optional": true,
      "os": [
        "linux"
      ],
      "engines": {
        "node": ">= 10"
      }
    },
    "node_modules/@tauri-apps/cli-linux-arm64-musl": {
      "version": "2.7.0",
      "resolved": "https://registry.npmjs.org/@tauri-apps/cli-linux-arm64-musl/-/cli-linux-arm64-musl-2.7.0.tgz",
      "integrity": "sha512-MftwAsMDw9dmKosbHdSHyCa0jgKjt9UslJsRpXym8dmbw+gzD3YrY41GORq0HbCYImC5rS/qQf9eELoLcqY/BQ==",
      "cpu": [
        "arm64"
      ],
      "dev": true,
      "license": "Apache-2.0 OR MIT",
      "optional": true,
      "os": [
        "linux"
      ],
      "engines": {
        "node": ">= 10"
      }
    },
    "node_modules/@tauri-apps/cli-linux-riscv64-gnu": {
      "version": "2.7.0",
      "resolved": "https://registry.npmjs.org/@tauri-apps/cli-linux-riscv64-gnu/-/cli-linux-riscv64-gnu-2.7.0.tgz",
      "integrity": "sha512-QwL4YhckgtozR7wlXOTRKijkgViz4B0OeXqhsIrhQock2HDxqCh5VqhGQ9LRJ6HsXY1JkAYZQUAFvcBj2DHUXQ==",
      "cpu": [
        "riscv64"
      ],
      "dev": true,
      "license": "Apache-2.0 OR MIT",
      "optional": true,
      "os": [
        "linux"
      ],
      "engines": {
        "node": ">= 10"
      }
    },
    "node_modules/@tauri-apps/cli-linux-x64-gnu": {
      "version": "2.7.0",
      "resolved": "https://registry.npmjs.org/@tauri-apps/cli-linux-x64-gnu/-/cli-linux-x64-gnu-2.7.0.tgz",
      "integrity": "sha512-4MwN2sqUEYGKjwcs0afPp79DkiydAfkGNdBTPfvNrDUmhbT6JE95RhYyzfZLfXNinsdB4nbZmYGEPIv5NpK2KQ==",
      "cpu": [
        "x64"
      ],
      "dev": true,
      "license": "Apache-2.0 OR MIT",
      "optional": true,
      "os": [
        "linux"
      ],
      "engines": {
        "node": ">= 10"
      }
    },
    "node_modules/@tauri-apps/cli-linux-x64-musl": {
      "version": "2.7.0",
      "resolved": "https://registry.npmjs.org/@tauri-apps/cli-linux-x64-musl/-/cli-linux-x64-musl-2.7.0.tgz",
      "integrity": "sha512-N1hygCRW0X4msCpdG3/UXb+Z8wpc4lYRqlkhbbxLOjzHwjuLS+86GYAvRLe7JIePVXVUI5BfX1HeurdbWWINTg==",
      "cpu": [
        "x64"
      ],
      "dev": true,
      "license": "Apache-2.0 OR MIT",
      "optional": true,
      "os": [
        "linux"
      ],
      "engines": {
        "node": ">= 10"
      }
    },
    "node_modules/@tauri-apps/cli-win32-arm64-msvc": {
      "version": "2.7.0",
      "resolved": "https://registry.npmjs.org/@tauri-apps/cli-win32-arm64-msvc/-/cli-win32-arm64-msvc-2.7.0.tgz",
      "integrity": "sha512-sqVDkwvUsuHeUVlMXpkXPo4gWFXuOcNbme0xPQ1r07hqBxYJlqwDY9XS0sC/7XljnO6anJaSr8FJkuixnIqyUQ==",
      "cpu": [
        "arm64"
      ],
      "dev": true,
      "license": "Apache-2.0 OR MIT",
      "optional": true,
      "os": [
        "win32"
      ],
      "engines": {
        "node": ">= 10"
      }
    },
    "node_modules/@tauri-apps/cli-win32-ia32-msvc": {
      "version": "2.7.0",
      "resolved": "https://registry.npmjs.org/@tauri-apps/cli-win32-ia32-msvc/-/cli-win32-ia32-msvc-2.7.0.tgz",
      "integrity": "sha512-2sZFAZZC8fwc65d5ACrTUgKPYbZgd3DAN5gI4WzCyTQgPqLq/7CWD25Wt7+scTV7FhT1zjL88hI10yPsEE0kkA==",
      "cpu": [
        "ia32"
      ],
      "dev": true,
      "license": "Apache-2.0 OR MIT",
      "optional": true,
      "os": [
        "win32"
      ],
      "engines": {
        "node": ">= 10"
      }
    },
    "node_modules/@tauri-apps/cli-win32-x64-msvc": {
      "version": "2.7.0",
      "resolved": "https://registry.npmjs.org/@tauri-apps/cli-win32-x64-msvc/-/cli-win32-x64-msvc-2.7.0.tgz",
      "integrity": "sha512-mGqRRpqdZ5iKLaQwP1paz89koLVrE/mUOrq6boftHDxF8K1sU/9Um/E7SLrkfeICiWbVG5yY7j2N/j8/D80blw==",
      "cpu": [
        "x64"
      ],
      "dev": true,
      "license": "Apache-2.0 OR MIT",
      "optional": true,
      "os": [
        "win32"
      ],
      "engines": {
        "node": ">= 10"
      }
    }
  }
}
