{
  "name": "aw-tauri",
  "version": "0.1.0",
  "lockfileVersion": 3,
  "requires": true,
  "packages": {
    "": {
      "name": "aw-tauri",
      "version": "0.1.0",
      "devDependencies": {
        "@tauri-apps/cli": "2.9.1"
      }
    },
    "node_modules/@tauri-apps/cli": {
      "version": "2.9.1",
      "resolved": "https://registry.npmjs.org/@tauri-apps/cli/-/cli-2.9.1.tgz",
      "integrity": "sha512-kKi2/WWsNXKoMdatBl4xrT7e1Ce27JvsetBVfWuIb6D3ep/Y0WO5SIr70yarXOSWam8NyDur4ipzjZkg6m7VDg==",
      "dev": true,
      "license": "Apache-2.0 OR MIT",
      "bin": {
        "tauri": "tauri.js"
      },
      "engines": {
        "node": ">= 10"
      },
      "funding": {
        "type": "opencollective",
        "url": "https://opencollective.com/tauri"
      },
      "optionalDependencies": {
        "@tauri-apps/cli-darwin-arm64": "2.9.1",
        "@tauri-apps/cli-darwin-x64": "2.9.1",
        "@tauri-apps/cli-linux-arm-gnueabihf": "2.9.1",
        "@tauri-apps/cli-linux-arm64-gnu": "2.9.1",
        "@tauri-apps/cli-linux-arm64-musl": "2.9.1",
        "@tauri-apps/cli-linux-riscv64-gnu": "2.9.1",
        "@tauri-apps/cli-linux-x64-gnu": "2.9.1",
        "@tauri-apps/cli-linux-x64-musl": "2.9.1",
        "@tauri-apps/cli-win32-arm64-msvc": "2.9.1",
        "@tauri-apps/cli-win32-ia32-msvc": "2.9.1",
        "@tauri-apps/cli-win32-x64-msvc": "2.9.1"
      }
    },
    "node_modules/@tauri-apps/cli-darwin-arm64": {
      "version": "2.9.1",
      "resolved": "https://registry.npmjs.org/@tauri-apps/cli-darwin-arm64/-/cli-darwin-arm64-2.9.1.tgz",
      "integrity": "sha512-sdwhtsE/6njD0AjgfYEj1JyxZH4SBmCJSXpRm6Ph5fQeuZD6MyjzjdVOrrtFguyREVQ7xn0Ujkwvbo01ULthNg==",
      "cpu": [
        "arm64"
      ],
      "dev": true,
      "license": "Apache-2.0 OR MIT",
      "optional": true,
      "os": [
        "darwin"
      ],
      "engines": {
        "node": ">= 10"
      }
    },
    "node_modules/@tauri-apps/cli-darwin-x64": {
      "version": "2.9.1",
      "resolved": "https://registry.npmjs.org/@tauri-apps/cli-darwin-x64/-/cli-darwin-x64-2.9.1.tgz",
      "integrity": "sha512-c86g+67wTdI4TUCD7CaSd/13+oYuLQxVST4ZNJ5C+6i1kdnU3Us1L68N9MvbDLDQGJc9eo0pvuK6sCWkee+BzA==",
      "cpu": [
        "x64"
      ],
      "dev": true,
      "license": "Apache-2.0 OR MIT",
      "optional": true,
      "os": [
        "darwin"
      ],
      "engines": {
        "node": ">= 10"
      }
    },
    "node_modules/@tauri-apps/cli-linux-arm-gnueabihf": {
      "version": "2.9.1",
      "resolved": "https://registry.npmjs.org/@tauri-apps/cli-linux-arm-gnueabihf/-/cli-linux-arm-gnueabihf-2.9.1.tgz",
      "integrity": "sha512-IrB3gFQmueQKJjjisOcMktW/Gh6gxgqYO419doA3YZ7yIV5rbE8ZW52Q3I4AO+SlFEyVYer5kpi066p0JBlLGw==",
      "cpu": [
        "arm"
      ],
      "dev": true,
      "license": "Apache-2.0 OR MIT",
      "optional": true,
      "os": [
        "linux"
      ],
      "engines": {
        "node": ">= 10"
      }
    },
    "node_modules/@tauri-apps/cli-linux-arm64-gnu": {
      "version": "2.9.1",
      "resolved": "https://registry.npmjs.org/@tauri-apps/cli-linux-arm64-gnu/-/cli-linux-arm64-gnu-2.9.1.tgz",
      "integrity": "sha512-Ke7TyXvu6HbWSkmVkFbbH19D3cLsd117YtXP/u9NIvSpYwKeFtnbpirrIUfPm44Q+PZFZ2Hvg8X9qoUiAK0zKw==",
      "cpu": [
        "arm64"
      ],
      "dev": true,
      "license": "Apache-2.0 OR MIT",
      "optional": true,
      "os": [
        "linux"
      ],
      "engines": {
        "node": ">= 10"
      }
    },
    "node_modules/@tauri-apps/cli-linux-arm64-musl": {
      "version": "2.9.1",
      "resolved": "https://registry.npmjs.org/@tauri-apps/cli-linux-arm64-musl/-/cli-linux-arm64-musl-2.9.1.tgz",
      "integrity": "sha512-sGvy75sv55oeMulR5ArwPD28DsDQxqTzLhXCrpU9/nbFg/JImmI7k994YE9fr3V0qE3Cjk5gjLldRNv7I9sjwQ==",
      "cpu": [
        "arm64"
      ],
      "dev": true,
      "license": "Apache-2.0 OR MIT",
      "optional": true,
      "os": [
        "linux"
      ],
      "engines": {
        "node": ">= 10"
      }
    },
    "node_modules/@tauri-apps/cli-linux-riscv64-gnu": {
      "version": "2.9.1",
      "resolved": "https://registry.npmjs.org/@tauri-apps/cli-linux-riscv64-gnu/-/cli-linux-riscv64-gnu-2.9.1.tgz",
      "integrity": "sha512-tEKbJydV3BdIxpAx8aGHW6VDg1xW4LlQuRD/QeFZdZNTreHJpMbJEcdvAcI+Hg6vgQpVpaoEldR9W4F6dYSLqQ==",
      "cpu": [
        "riscv64"
      ],
      "dev": true,
      "license": "Apache-2.0 OR MIT",
      "optional": true,
      "os": [
        "linux"
      ],
      "engines": {
        "node": ">= 10"
      }
    },
    "node_modules/@tauri-apps/cli-linux-x64-gnu": {
      "version": "2.9.1",
      "resolved": "https://registry.npmjs.org/@tauri-apps/cli-linux-x64-gnu/-/cli-linux-x64-gnu-2.9.1.tgz",
      "integrity": "sha512-mg5msXHagtHpyCVWgI01M26JeSrgE/otWyGdYcuTwyRYZYEJRTbcNt7hscOkdNlPBe7isScW7PVKbxmAjJJl4g==",
      "cpu": [
        "x64"
      ],
      "dev": true,
      "license": "Apache-2.0 OR MIT",
      "optional": true,
      "os": [
        "linux"
      ],
      "engines": {
        "node": ">= 10"
      }
    },
    "node_modules/@tauri-apps/cli-linux-x64-musl": {
      "version": "2.9.1",
      "resolved": "https://registry.npmjs.org/@tauri-apps/cli-linux-x64-musl/-/cli-linux-x64-musl-2.9.1.tgz",
      "integrity": "sha512-lFZEXkpDreUe3zKilvnMsrnKP9gwQudaEjDnOz/GMzbzNceIuPfFZz0cR/ky1Aoq4eSvZonPKHhROq4owz4fzg==",
      "cpu": [
        "x64"
      ],
      "dev": true,
      "license": "Apache-2.0 OR MIT",
      "optional": true,
      "os": [
        "linux"
      ],
      "engines": {
        "node": ">= 10"
      }
    },
    "node_modules/@tauri-apps/cli-win32-arm64-msvc": {
      "version": "2.9.1",
      "resolved": "https://registry.npmjs.org/@tauri-apps/cli-win32-arm64-msvc/-/cli-win32-arm64-msvc-2.9.1.tgz",
      "integrity": "sha512-ejc5RAp/Lm1Aj0EQHaT+Wdt5PHfdgQV5hIDV00MV6HNbIb5W4ZUFxMDaRkAg65gl9MvY2fH396riePW3RoKXDw==",
      "cpu": [
        "arm64"
      ],
      "dev": true,
      "license": "Apache-2.0 OR MIT",
      "optional": true,
      "os": [
        "win32"
      ],
      "engines": {
        "node": ">= 10"
      }
    },
    "node_modules/@tauri-apps/cli-win32-ia32-msvc": {
      "version": "2.9.1",
      "resolved": "https://registry.npmjs.org/@tauri-apps/cli-win32-ia32-msvc/-/cli-win32-ia32-msvc-2.9.1.tgz",
      "integrity": "sha512-fSATtJDc0fNjVB6ystyi8NbwhNFk8i8E05h6KrsC8Fio5eaJIJvPCbC9pdrPl6kkxN1X7fj25ErBbgfqgcK8Fg==",
      "cpu": [
        "ia32"
      ],
      "dev": true,
      "license": "Apache-2.0 OR MIT",
      "optional": true,
      "os": [
        "win32"
      ],
      "engines": {
        "node": ">= 10"
      }
    },
    "node_modules/@tauri-apps/cli-win32-x64-msvc": {
      "version": "2.9.1",
      "resolved": "https://registry.npmjs.org/@tauri-apps/cli-win32-x64-msvc/-/cli-win32-x64-msvc-2.9.1.tgz",
      "integrity": "sha512-/JHlOzpUDhjBOO9w167bcYxfJbcMQv7ykS/Y07xjtcga8np0rzUzVGWYmLMH7orKcDMC7wjhheEW1x8cbGma/Q==",
      "cpu": [
        "x64"
      ],
      "dev": true,
      "license": "Apache-2.0 OR MIT",
      "optional": true,
      "os": [
        "win32"
      ],
      "engines": {
        "node": ">= 10"
      }
    }
  }
}
